# This file is automatically @generated by Cargo.
# It is not intended for manual editing.
version = 4

[[package]]
name = "serviceos-abi"
version = "0.1.0"

[[package]]
name = "serviceos-bundle"
version = "0.1.0"
dependencies = [
 "serviceos-abi",
]

[[package]]
name = "serviceos-config-service"
version = "0.1.0"
dependencies = [
 "serviceos-abi",
 "serviceos-userspace-runtime",
]

[[package]]
name = "serviceos-console-service"
version = "0.1.0"
dependencies = [
 "serviceos-abi",
 "serviceos-userspace-runtime",
]

[[package]]
name = "serviceos-log-service"
version = "0.1.0"
dependencies = [
 "serviceos-abi",
 "serviceos-userspace-runtime",
]

[[package]]
name = "serviceos-root-service-manager"
version = "0.1.0"
dependencies = [
 "serviceos-abi",
 "serviceos-bundle",
 "serviceos-userspace-runtime",
]

[[package]]
name = "serviceos-shell-service"
version = "0.1.0"
dependencies = [
 "serviceos-abi",
 "serviceos-userspace-runtime",
]

[[package]]
name = "serviceos-status-service"
version = "0.1.0"
dependencies = [
 "serviceos-abi",
 "serviceos-userspace-runtime",
]

[[package]]
name = "serviceos-storage-service"
version = "0.1.0"
dependencies = [
 "serviceos-abi",
 "serviceos-bundle",
 "serviceos-userspace-runtime",
]

[[package]]
name = "serviceos-sysinfo-tool"
version = "0.1.0"
dependencies = [
 "serviceos-abi",
 "serviceos-userspace-runtime",
]

[[package]]
name = "serviceos-userspace-runtime"
version = "0.1.0"
dependencies = [
 "serviceos-abi",
]
