# This file is automatically @generated by Cargo.
# It is not intended for manual editing.
version = 4

[[package]]
name = "serviceos-abi"
version = "0.1.0"

[[package]]
name = "serviceos-echo-service"
version = "0.1.0"
dependencies = [
 "serviceos-abi",
 "serviceos-userspace-runtime",
]

[[package]]
name = "serviceos-log-service"
version = "0.1.0"
dependencies = [
 "serviceos-abi",
 "serviceos-userspace-runtime",
]

[[package]]
name = "serviceos-probe-service"
version = "0.1.0"
dependencies = [
 "serviceos-abi",
 "serviceos-userspace-runtime",
]

[[package]]
name = "serviceos-root-service-manager"
version = "0.1.0"
dependencies = [
 "serviceos-abi",
 "serviceos-userspace-runtime",
]

[[package]]
name = "serviceos-userspace-runtime"
version = "0.1.0"
dependencies = [
 "serviceos-abi",
]
